
Microsoft Visual Studio Solution File, Format Version 12.00
# Visual Studio Version 17
VisualStudioVersion = 17.4.33020.496
MinimumVisualStudioVersion = 10.0.40219.1
Project("{9A19103F-16F7-4668-BE54-9A1E7A4F7556}") = "RitualRewards_1.6", "RitualRewards_1.6.csproj", "{4A824E60-FF0D-46AF-BCD8-2E144CE928A7}"
EndProject
Project("{FAE04EC0-301F-11D3-BF4B-00C04F79EFBC}") = "RitualRewards_1.5", "RitualRewards_1.5.csproj", "{67B1C868-5B11-A63D-F3EB-F2A3920EF453}"
EndProject
Project("{FAE04EC0-301F-11D3-BF4B-00C04F79EFBC}") = "RitualRewards_1.4", "RitualRewards_1.4.csproj", "{777CEF37-BF50-2F67-BE4D-C4D5F7E1FEFB}"
EndProject
Project("{FAE04EC0-301F-11D3-BF4B-00C04F79EFBC}") = "RitualRewards_1.3", "RitualRewards_1.3.csproj", "{25ECF818-6B92-EA50-2628-D425DEE77714}"
EndProject
Global
	GlobalSection(SolutionConfigurationPlatforms) = preSolution
		Debug|Any CPU = Debug|Any CPU
		Release|Any CPU = Release|Any CPU
	EndGlobalSection
	GlobalSection(ProjectConfigurationPlatforms) = postSolution
		{4A824E60-FF0D-46AF-BCD8-2E144CE928A7}.Debug|Any CPU.ActiveCfg = Debug|Any CPU
		{4A824E60-FF0D-46AF-BCD8-2E144CE928A7}.Debug|Any CPU.Build.0 = Debug|Any CPU
		{4A824E60-FF0D-46AF-BCD8-2E144CE928A7}.Release|Any CPU.ActiveCfg = Release|Any CPU
		{4A824E60-FF0D-46AF-BCD8-2E144CE928A7}.Release|Any CPU.Build.0 = Release|Any CPU
		{67B1C868-5B11-A63D-F3EB-F2A3920EF453}.Debug|Any CPU.ActiveCfg = Debug|Any CPU
		{67B1C868-5B11-A63D-F3EB-F2A3920EF453}.Debug|Any CPU.Build.0 = Debug|Any CPU
		{67B1C868-5B11-A63D-F3EB-F2A3920EF453}.Release|Any CPU.ActiveCfg = Release|Any CPU
		{67B1C868-5B11-A63D-F3EB-F2A3920EF453}.Release|Any CPU.Build.0 = Release|Any CPU
		{777CEF37-BF50-2F67-BE4D-C4D5F7E1FEFB}.Debug|Any CPU.ActiveCfg = Debug|Any CPU
		{777CEF37-BF50-2F67-BE4D-C4D5F7E1FEFB}.Debug|Any CPU.Build.0 = Debug|Any CPU
		{777CEF37-BF50-2F67-BE4D-C4D5F7E1FEFB}.Release|Any CPU.ActiveCfg = Release|Any CPU
		{777CEF37-BF50-2F67-BE4D-C4D5F7E1FEFB}.Release|Any CPU.Build.0 = Release|Any CPU
		{25ECF818-6B92-EA50-2628-D425DEE77714}.Debug|Any CPU.ActiveCfg = Debug|Any CPU
		{25ECF818-6B92-EA50-2628-D425DEE77714}.Debug|Any CPU.Build.0 = Debug|Any CPU
		{25ECF818-6B92-EA50-2628-D425DEE77714}.Release|Any CPU.ActiveCfg = Release|Any CPU
		{25ECF818-6B92-EA50-2628-D425DEE77714}.Release|Any CPU.Build.0 = Release|Any CPU
	EndGlobalSection
	GlobalSection(SolutionProperties) = preSolution
		HideSolutionNode = FALSE
	EndGlobalSection
	GlobalSection(ExtensibilityGlobals) = postSolution
		SolutionGuid = {A4236D96-2150-4005-AD11-47CA7DDBE066}
	EndGlobalSection
EndGlobal
